// !$*UTF8*$!
{
	archiveVersion = 1;
	classes = {
	};
	objectVersion = 50;
	objects = {

/* Begin PBXBuildFile section */
		F821A093240D00CB0041900A /* AppDelegate.swift in Sources */ = {isa = PBXBuildFile; fileRef = F821A092240D00CB0041900A /* AppDelegate.swift */; };
		F821A095240D00CB0041900A /* SceneDelegate.swift in Sources */ = {isa = PBXBuildFile; fileRef = F821A094240D00CB0041900A /* SceneDelegate.swift */; };
		F821A097240D00CB0041900A /* SmileViewController.swift in Sources */ = {isa = PBXBuildFile; fileRef = F821A096240D00CB0041900A /* SmileViewController.swift */; };
		F821A09A240D00CB0041900A /* Main.storyboard in Resources */ = {isa = PBXBuildFile; fileRef = F821A098240D00CB0041900A /* Main.storyboard */; };
		F821A09C240D00CD0041900A /* Assets.xcassets in Resources */ = {isa = PBXBuildFile; fileRef = F821A09B240D00CD0041900A /* Assets.xcassets */; };
		F821A09F240D00CD0041900A /* LaunchScreen.storyboard in Resources */ = {isa = PBXBuildFile; fileRef = F821A09D240D00CD0041900A /* LaunchScreen.storyboard */; };
		F821A0A7240D01500041900A /* SmileView.swift in Sources */ = {isa = PBXBuildFile; fileRef = F821A0A6240D01500041900A /* SmileView.swift */; };
		F8EE0415241F68B300205311 /* FacialExpression.swift in Sources */ = {isa = PBXBuildFile; fileRef = F8EE0414241F68B300205311 /* FacialExpression.swift */; };
/* End PBXBuildFile section */

/* Begin PBXFileReference section */
		F821A08F240D00CB0041900A /* Smile.app */ = {isa = PBXFileReference; explicitFileType = wrapper.application; includeInIndex = 0; path = Smile.app; sourceTree = BUILT_PRODUCTS_DIR; };
		F821A092240D00CB0041900A /* AppDelegate.swift */ = {isa = PBXFileReference; lastKnownFileType = sourcecode.swift; path = AppDelegate.swift; sourceTree = "<group>"; };
		F821A094240D00CB0041900A /* SceneDelegate.swift */ = {isa = PBXFileReference; lastKnownFileType = sourcecode.swift; path = SceneDelegate.swift; sourceTree = "<group>"; };
		F821A096240D00CB0041900A /* SmileViewController.swift */ = {isa = PBXFileReference; lastKnownFileType = sourcecode.swift; path = SmileViewController.swift; sourceTree = "<group>"; };
		F821A099240D00CB0041900A /* Base */ = {isa = PBXFileReference; lastKnownFileType = file.storyboard; name = Base; path = Base.lproj/Main.storyboard; sourceTree = "<group>"; };
		F821A09B240D00CD0041900A /* Assets.xcassets */ = {isa = PBXFileReference; lastKnownFileType = folder.assetcatalog; path = Assets.xcassets; sourceTree = "<group>"; };
		F821A09E240D00CD0041900A /* Base */ = {isa = PBXFileReference; lastKnownFileType = file.storyboard; name = Base; path = Base.lproj/LaunchScreen.storyboard; sourceTree = "<group>"; };
		F821A0A0240D00CD0041900A /* Info.plist */ = {isa = PBXFileReference; lastKnownFileType = text.plist.xml; path = Info.plist; sourceTree = "<group>"; };
		F821A0A6240D01500041900A /* SmileView.swift */ = {isa = PBXFileReference; lastKnownFileType = sourcecode.swift; path = SmileView.swift; sourceTree = "<group>"; };
		F8EE0414241F68B300205311 /* FacialExpression.swift */ = {isa = PBXFileReference; lastKnownFileType = sourcecode.swift; path = FacialExpression.swift; sourceTree = "<group>"; };
/* End PBXFileReference section */

/* Begin PBXFrameworksBuildPhase section */
		F821A08C240D00CB0041900A /* Frameworks */ = {
			isa = PBXFrameworksBuildPhase;
			buildActionMask = 2147483647;
			files = (
			);
			runOnlyForDeploymentPostprocessing = 0;
		};
/* End PBXFrameworksBuildPhase section */

/* Begin PBXGroup section */
		F821A086240D00CB0041900A = {
			isa = PBXGroup;
			children = (
				F821A091240D00CB0041900A /* first_lab */,
				F821A090240D00CB0041900A /* Products */,
			);
			sourceTree = "<group>";
		};
		F821A090240D00CB0041900A /* Products */ = {
			isa = PBXGroup;
			children = (
				F821A08F240D00CB0041900A /* Smile.app */,
			);
			name = Products;
			sourceTree = "<group>";
		};
		F821A091240D00CB0041900A /* first_lab */ = {
			isa = PBXGroup;
			children = (
				F821A092240D00CB0041900A /* AppDelegate.swift */,
				F821A094240D00CB0041900A /* SceneDelegate.swift */,
				F821A096240D00CB0041900A /* SmileViewController.swift */,
				F821A0A6240D01500041900A /* SmileView.swift */,
				F8EE0414241F68B300205311 /* FacialExpression.swift */,
				F821A098240D00CB0041900A /* Main.storyboard */,
				F821A09B240D00CD0041900A /* Assets.xcassets */,
				F821A09D240D00CD0041900A /* LaunchScreen.storyboard */,
				F821A0A0240D00CD0041900A /* Info.plist */,
			);
			path = first_lab;
			sourceTree = "<group>";
		};
/* End PBXGroup section */

/* Begin PBXNativeTarget section */
		F821A08E240D00CB0041900A /*  Smile */ = {
			isa = PBXNativeTarget;
			buildConfigurationList = F821A0A3240D00CD0041900A /* Build configuration list for PBXNativeTarget " Smile" */;
			buildPhases = (
				F821A08B240D00CB0041900A /* Sources */,
				F821A08C240D00CB0041900A /* Frameworks */,
				F821A08D240D00CB0041900A /* Resources */,
			);
			buildRules = (
			);
			dependencies = (
			);
			name = " Smile";
			productName = first_lab;
			productReference = F821A08F240D00CB0041900A /* Smile.app */;
			productType = "com.apple.product-type.application";
		};
/* End PBXNativeTarget section */

/* Begin PBXProject section */
		F821A087240D00CB0041900A /* Project object */ = {
			isa = PBXProject;
			attributes = {
				LastSwiftUpdateCheck = 1120;
				LastUpgradeCheck = 1120;
				ORGANIZATIONNAME = "Максим Лихачев";
				TargetAttributes = {
					F821A08E240D00CB0041900A = {
						CreatedOnToolsVersion = 11.2;
					};
				};
			};
			buildConfigurationList = F821A08A240D00CB0041900A /* Build configuration list for PBXProject " Smile" */;
			compatibilityVersion = "Xcode 9.3";
			developmentRegion = en;
			hasScannedForEncodings = 0;
			knownRegions = (
				en,
				Base,
			);
			mainGroup = F821A086240D00CB0041900A;
			productRefGroup = F821A090240D00CB0041900A /* Products */;
			projectDirPath = "";
			projectRoot = "";
			targets = (
				F821A08E240D00CB0041900A /*  Smile */,
			);
		};
/* End PBXProject section */

/* Begin PBXResourcesBuildPhase section */
		F821A08D240D00CB0041900A /* Resources */ = {
			isa = PBXResourcesBuildPhase;
			buildActionMask = 2147483647;
			files = (
				F821A09F240D00CD0041900A /* LaunchScreen.storyboard in Resources */,
				F821A09C240D00CD0041900A /* Assets.xcassets in Resources */,
				F821A09A240D00CB0041900A /* Main.storyboard in Resources */,
			);
			runOnlyForDeploymentPostprocessing = 0;
		};
/* End PBXResourcesBuildPhase section */

/* Begin PBXSourcesBuildPhase section */
		F821A08B240D00CB0041900A /* Sources */ = {
			isa = PBXSourcesBuildPhase;
			buildActionMask = 2147483647;
			files = (
				F821A097240D00CB0041900A /* SmileViewController.swift in Sources */,
				F821A093240D00CB0041900A /* AppDelegate.swift in Sources */,
				F8EE0415241F68B300205311 /* FacialExpression.swift in Sources */,
				F821A095240D00CB0041900A /* SceneDelegate.swift in Sources */,
				F821A0A7240D01500041900A /* SmileView.swift in Sources */,
			);
			runOnlyForDeploymentPostprocessing = 0;
		};
/* End PBXSourcesBuildPhase section */

/* Begin PBXVariantGroup section */
		F821A098240D00CB0041900A /* Main.storyboard */ = {
			isa = PBXVariantGroup;
			children = (
				F821A099240D00CB0041900A /* Base */,
			);
			name = Main.storyboard;
			sourceTree = "<group>";
		};
		F821A09D240D00CD0041900A /* LaunchScreen.storyboard */ = {
			isa = PBXVariantGroup;
			children = (
				F821A09E240D00CD0041900A /* Base */,
			);
			name = LaunchScreen.storyboard;
			sourceTree = "<group>";
		};
/* End PBXVariantGroup section */

/* Begin XCBuildConfiguration section */
		F821A0A1240D00CD0041900A /* Debug */ = {
			isa = XCBuildConfiguration;
			buildSettings = {
				ALWAYS_SEARCH_USER_PATHS = NO;
				CLANG_ANALYZER_NONNULL = YES;
				CLANG_ANALYZER_NUMBER_OBJECT_CONVERSION = YES_AGGRESSIVE;
				CLANG_CXX_LANGUAGE_STANDARD = "gnu++14";
				CLANG_CXX_LIBRARY = "libc++";
				CLANG_ENABLE_MODULES = YES;
				CLANG_ENABLE_OBJC_ARC = YES;
				CLANG_ENABLE_OBJC_WEAK = YES;
				CLANG_WARN_BLOCK_CAPTURE_AUTORELEASING = YES;
				CLANG_WARN_BOOL_CONVERSION = YES;
				CLANG_WARN_COMMA = YES;
				CLANG_WARN_CONSTANT_CONVERSION = YES;
				CLANG_WARN_DEPRECATED_OBJC_IMPLEMENTATIONS = YES;
				CLANG_WARN_DIRECT_OBJC_ISA_USAGE = YES_ERROR;
				CLANG_WARN_DOCUMENTATION_COMMENTS = YES;
				CLANG_WARN_EMPTY_BODY = YES;
				CLANG_WARN_ENUM_CONVERSION = YES;
				CLANG_WARN_INFINITE_RECURSION = YES;
				CLANG_WARN_INT_CONVERSION = YES;
				CLANG_WARN_NON_LITERAL_NULL_CONVERSION = YES;
				CLANG_WARN_OBJC_IMPLICIT_RETAIN_SELF = YES;
				CLANG_WARN_OBJC_LITERAL_CONVERSION = YES;
				CLANG_WARN_OBJC_ROOT_CLASS = YES_ERROR;
				CLANG_WARN_RANGE_LOOP_ANALYSIS = YES;
				CLANG_WARN_STRICT_PROTOTYPES = YES;
				CLANG_WARN_SUSPICIOUS_MOVE = YES;
				CLANG_WARN_UNGUARDED_AVAILABILITY = YES_AGGRESSIVE;
				CLANG_WARN_UNREACHABLE_CODE = YES;
				CLANG_WARN__DUPLICATE_METHOD_MATCH = YES;
				COPY_PHASE_STRIP = NO;
				DEBUG_INFORMATION_FORMAT = dwarf;
				ENABLE_STRICT_OBJC_MSGSEND = YES;
				ENABLE_TESTABILITY = YES;
				GCC_C_LANGUAGE_STANDARD = gnu11;
				GCC_DYNAMIC_NO_PIC = NO;
				GCC_NO_COMMON_BLOCKS = YES;
				GCC_OPTIMIZATION_LEVEL = 0;
				GCC_PREPROCESSOR_DEFINITIONS = (
					"DEBUG=1",
					"$(inherited)",
				);
				GCC_WARN_64_TO_32_BIT_CONVERSION = YES;
				GCC_WARN_ABOUT_RETURN_TYPE = YES_ERROR;
				GCC_WARN_UNDECLARED_SELECTOR = YES;
				GCC_WARN_UNINITIALIZED_AUTOS = YES_AGGRESSIVE;
				GCC_WARN_UNUSED_FUNCTION = YES;
				GCC_WARN_UNUSED_VARIABLE = YES;
				IPHONEOS_DEPLOYMENT_TARGET = 13.2;
				MTL_ENABLE_DEBUG_INFO = INCLUDE_SOURCE;
				MTL_FAST_MATH = YES;
				ONLY_ACTIVE_ARCH = YES;
				SDKROOT = iphoneos;
				SWIFT_ACTIVE_COMPILATION_CONDITIONS = DEBUG;
				SWIFT_OPTIMIZATION_LEVEL = "-Onone";
			};
			name = Debug;
		};
		F821A0A2240D00CD0041900A /* Release */ = {
			isa = XCBuildConfiguration;
			buildSettings = {
				ALWAYS_SEARCH_USER_PATHS = NO;
				CLANG_ANALYZER_NONNULL = YES;
				CLANG_ANALYZER_NUMBER_OBJECT_CONVERSION = YES_AGGRESSIVE;
				CLANG_CXX_LANGUAGE_STANDARD = "gnu++14";
				CLANG_CXX_LIBRARY = "libc++";
				CLANG_ENABLE_MODULES = YES;
				CLANG_ENABLE_OBJC_ARC = YES;
				CLANG_ENABLE_OBJC_WEAK = YES;
				CLANG_WARN_BLOCK_CAPTURE_AUTORELEASING = YES;
				CLANG_WARN_BOOL_CONVERSION = YES;
				CLANG_WARN_COMMA = YES;
				CLANG_WARN_CONSTANT_CONVERSION = YES;
				CLANG_WARN_DEPRECATED_OBJC_IMPLEMENTATIONS = YES;
				CLANG_WARN_DIRECT_OBJC_ISA_USAGE = YES_ERROR;
				CLANG_WARN_DOCUMENTATION_COMMENTS = YES;
				CLANG_WARN_EMPTY_BODY = YES;
				CLANG_WARN_ENUM_CONVERSION = YES;
				CLANG_WARN_INFINITE_RECURSION = YES;
				CLANG_WARN_INT_CONVERSION = YES;
				CLANG_WARN_NON_LITERAL_NULL_CONVERSION = YES;
				CLANG_WARN_OBJC_IMPLICIT_RETAIN_SELF = YES;
				CLANG_WARN_OBJC_LITERAL_CONVERSION = YES;
				CLANG_WARN_OBJC_ROOT_CLASS = YES_ERROR;
				CLANG_WARN_RANGE_LOOP_ANALYSIS = YES;
				CLANG_WARN_STRICT_PROTOTYPES = YES;
				CLANG_WARN_SUSPICIOUS_MOVE = YES;
				CLANG_WARN_UNGUARDED_AVAILABILITY = YES_AGGRESSIVE;
				CLANG_WARN_UNREACHABLE_CODE = YES;
				CLANG_WARN__DUPLICATE_METHOD_MATCH = YES;
				COPY_PHASE_STRIP = NO;
				DEBUG_INFORMATION_FORMAT = "dwarf-with-dsym";
				ENABLE_NS_ASSERTIONS = NO;
				ENABLE_STRICT_OBJC_MSGSEND = YES;
				GCC_C_LANGUAGE_STANDARD = gnu11;
				GCC_NO_COMMON_BLOCKS = YES;
				GCC_WARN_64_TO_32_BIT_CONVERSION = YES;
				GCC_WARN_ABOUT_RETURN_TYPE = YES_ERROR;
				GCC_WARN_UNDECLARED_SELECTOR = YES;
				GCC_WARN_UNINITIALIZED_AUTOS = YES_AGGRESSIVE;
				GCC_WARN_UNUSED_FUNCTION = YES;
				GCC_WARN_UNUSED_VARIABLE = YES;
				IPHONEOS_DEPLOYMENT_TARGET = 13.2;
				MTL_ENABLE_DEBUG_INFO = NO;
				MTL_FAST_MATH = YES;
				SDKROOT = iphoneos;
				SWIFT_COMPILATION_MODE = wholemodule;
				SWIFT_OPTIMIZATION_LEVEL = "-O";
				VALIDATE_PRODUCT = YES;
			};
			name = Release;
		};
		F821A0A4240D00CD0041900A /* Debug */ = {
			isa = XCBuildConfiguration;
			buildSettings = {
				ASSETCATALOG_COMPILER_APPICON_NAME = AppIcon;
				CODE_SIGN_STYLE = Automatic;
				DEVELOPMENT_TEAM = 9T7YL5G849;
				INFOPLIST_FILE = first_lab/Info.plist;
				LD_RUNPATH_SEARCH_PATHS = (
					"$(inherited)",
					"@executable_path/Frameworks",
				);
				PRODUCT_BUNDLE_IDENTIFIER = fiit16.amm.vsu.smile;
				PRODUCT_NAME = Smile;
				SWIFT_VERSION = 5.0;
				TARGETED_DEVICE_FAMILY = "1,2";
			};
			name = Debug;
		};
		F821A0A5240D00CD0041900A /* Release */ = {
			isa = XCBuildConfiguration;
			buildSettings = {
				ASSETCATALOG_COMPILER_APPICON_NAME = AppIcon;
				CODE_SIGN_STYLE = Automatic;
				DEVELOPMENT_TEAM = 9T7YL5G849;
				INFOPLIST_FILE = first_lab/Info.plist;
				LD_RUNPATH_SEARCH_PATHS = (
					"$(inherited)",
					"@executable_path/Frameworks",
				);
				PRODUCT_BUNDLE_IDENTIFIER = fiit16.amm.vsu.smile;
				PRODUCT_NAME = Smile;
				SWIFT_VERSION = 5.0;
				TARGETED_DEVICE_FAMILY = "1,2";
			};
			name = Release;
		};
/* End XCBuildConfiguration section */

/* Begin XCConfigurationList section */
		F821A08A240D00CB0041900A /* Build configuration list for PBXProject " Smile" */ = {
			isa = XCConfigurationList;
			buildConfigurations = (
				F821A0A1240D00CD0041900A /* Debug */,
				F821A0A2240D00CD0041900A /* Release */,
			);
			defaultConfigurationIsVisible = 0;
			defaultConfigurationName = Release;
		};
		F821A0A3240D00CD0041900A /* Build configuration list for PBXNativeTarget " Smile" */ = {
			isa = XCConfigurationList;
			buildConfigurations = (
				F821A0A4240D00CD0041900A /* Debug */,
				F821A0A5240D00CD0041900A /* Release */,
			);
			defaultConfigurationIsVisible = 0;
			defaultConfigurationName = Release;
		};
/* End XCConfigurationList section */
	};
	rootObject = F821A087240D00CB0041900A /* Project object */;
}
